schema: '2.0'
stages:
  preprocess:
    cmd: python src/preprocess.py
    deps:
    - path: data/dataset.csv
      hash: md5
      md5: 883be802f028c532ae001065e1048be2
      size: 4340
    - path: src/preprocess.py
      hash: md5
      md5: adbe8c3ca237dd121d66ffc29e1eb042
      size: 477
    outs:
    - path: data/processed.csv
      hash: md5
      md5: 21d441a28bce4417276097df955afc50
      size: 2928
  train:
    cmd: python src/train.py
    deps:
    - path: data/processed.csv
      hash: md5
      md5: 21d441a28bce4417276097df955afc50
      size: 2928
    - path: src/train.py
      hash: md5
      md5: b4a9a274e0e5d08f62249fb6c31c163a
      size: 1140
    params:
      params.yaml:
        model:
          n_estimators: 200
          max_depth: 10
        train:
          test_size: 0.2
          random_state: 42
    outs:
    - path: models/model.pkl
      hash: md5
      md5: 68b9886b2f62c0274785f3a443a7ca7d
      size: 362426
  evaluate:
    cmd: python src/evaluate.py
    deps:
    - path: data/processed.csv
      hash: md5
      md5: 21d441a28bce4417276097df955afc50
      size: 2928
    - path: models/model.pkl
      hash: md5
      md5: 68b9886b2f62c0274785f3a443a7ca7d
      size: 362426
    - path: src/evaluate.py
      hash: md5
      md5: 345190bcc1cd12713e081da9abbc0fd5
      size: 1657
    outs:
    - path: metrics/metrics.json
      hash: md5
      md5: aed4c6216573de4906939205915c8bca
      size: 90
